// !$*UTF8*$!
{
	archiveVersion = 1;
	classes = {
	};
	objectVersion = 55;
	objects = {

/* Begin PBXBuildFile section */
		882C731928AFAD4300BA54E1 /* Shapes.swift in Sources */ = {isa = PBXBuildFile; fileRef = 882C731828AFAD4300BA54E1 /* Shapes.swift */; };
		882C731B28AFAD5D00BA54E1 /* Cards.swift in Sources */ = {isa = PBXBuildFile; fileRef = 882C731A28AFAD5D00BA54E1 /* Cards.swift */; };
		882C731F28AFAFFE00BA54E1 /* BoardGameController.swift in Sources */ = {isa = PBXBuildFile; fileRef = 882C731E28AFAFFE00BA54E1 /* BoardGameController.swift */; };
		882C732228AFB28700BA54E1 /* Card.swift in Sources */ = {isa = PBXBuildFile; fileRef = 882C732128AFB28700BA54E1 /* Card.swift */; };
		882C732428AFB4B800BA54E1 /* Game.swift in Sources */ = {isa = PBXBuildFile; fileRef = 882C732328AFB4B800BA54E1 /* Game.swift */; };
		886085D028AA24480057C8FB /* AppDelegate.swift in Sources */ = {isa = PBXBuildFile; fileRef = 886085CF28AA24480057C8FB /* AppDelegate.swift */; };
		886085D228AA24480057C8FB /* SceneDelegate.swift in Sources */ = {isa = PBXBuildFile; fileRef = 886085D128AA24480057C8FB /* SceneDelegate.swift */; };
		886085D728AA24480057C8FB /* Main.storyboard in Resources */ = {isa = PBXBuildFile; fileRef = 886085D528AA24480057C8FB /* Main.storyboard */; };
		886085D928AA24480057C8FB /* Assets.xcassets in Resources */ = {isa = PBXBuildFile; fileRef = 886085D828AA24480057C8FB /* Assets.xcassets */; };
		886085DC28AA24480057C8FB /* LaunchScreen.storyboard in Resources */ = {isa = PBXBuildFile; fileRef = 886085DA28AA24480057C8FB /* LaunchScreen.storyboard */; };
		88871E8E28B1248E00CBCA04 /* CardViewFactory.swift in Sources */ = {isa = PBXBuildFile; fileRef = 88871E8D28B1248E00CBCA04 /* CardViewFactory.swift */; };
/* End PBXBuildFile section */

/* Begin PBXFileReference section */
		882C731828AFAD4300BA54E1 /* Shapes.swift */ = {isa = PBXFileReference; lastKnownFileType = sourcecode.swift; path = Shapes.swift; sourceTree = "<group>"; };
		882C731A28AFAD5D00BA54E1 /* Cards.swift */ = {isa = PBXFileReference; lastKnownFileType = sourcecode.swift; path = Cards.swift; sourceTree = "<group>"; };
		882C731E28AFAFFE00BA54E1 /* BoardGameController.swift */ = {isa = PBXFileReference; lastKnownFileType = sourcecode.swift; path = BoardGameController.swift; sourceTree = "<group>"; };
		882C732128AFB28700BA54E1 /* Card.swift */ = {isa = PBXFileReference; lastKnownFileType = sourcecode.swift; path = Card.swift; sourceTree = "<group>"; };
		882C732328AFB4B800BA54E1 /* Game.swift */ = {isa = PBXFileReference; lastKnownFileType = sourcecode.swift; path = Game.swift; sourceTree = "<group>"; };
		886085CC28AA24480057C8FB /* Cards.app */ = {isa = PBXFileReference; explicitFileType = wrapper.application; includeInIndex = 0; path = Cards.app; sourceTree = BUILT_PRODUCTS_DIR; };
		886085CF28AA24480057C8FB /* AppDelegate.swift */ = {isa = PBXFileReference; lastKnownFileType = sourcecode.swift; path = AppDelegate.swift; sourceTree = "<group>"; };
		886085D128AA24480057C8FB /* SceneDelegate.swift */ = {isa = PBXFileReference; lastKnownFileType = sourcecode.swift; path = SceneDelegate.swift; sourceTree = "<group>"; };
		886085D628AA24480057C8FB /* Base */ = {isa = PBXFileReference; lastKnownFileType = file.storyboard; name = Base; path = Base.lproj/Main.storyboard; sourceTree = "<group>"; };
		886085D828AA24480057C8FB /* Assets.xcassets */ = {isa = PBXFileReference; lastKnownFileType = folder.assetcatalog; path = Assets.xcassets; sourceTree = "<group>"; };
		886085DB28AA24480057C8FB /* Base */ = {isa = PBXFileReference; lastKnownFileType = file.storyboard; name = Base; path = Base.lproj/LaunchScreen.storyboard; sourceTree = "<group>"; };
		886085DD28AA24480057C8FB /* Info.plist */ = {isa = PBXFileReference; lastKnownFileType = text.plist.xml; path = Info.plist; sourceTree = "<group>"; };
		88871E8D28B1248E00CBCA04 /* CardViewFactory.swift */ = {isa = PBXFileReference; lastKnownFileType = sourcecode.swift; path = CardViewFactory.swift; sourceTree = "<group>"; };
/* End PBXFileReference section */

/* Begin PBXFrameworksBuildPhase section */
		886085C928AA24480057C8FB /* Frameworks */ = {
			isa = PBXFrameworksBuildPhase;
			buildActionMask = 2147483647;
			files = (
			);
			runOnlyForDeploymentPostprocessing = 0;
		};
/* End PBXFrameworksBuildPhase section */

/* Begin PBXGroup section */
		882C731728AFACCF00BA54E1 /* View */ = {
			isa = PBXGroup;
			children = (
				882C731C28AFAF7D00BA54E1 /* Storyboards */,
				882C731828AFAD4300BA54E1 /* Shapes.swift */,
				882C731A28AFAD5D00BA54E1 /* Cards.swift */,
			);
			path = View;
			sourceTree = "<group>";
		};
		882C731C28AFAF7D00BA54E1 /* Storyboards */ = {
			isa = PBXGroup;
			children = (
				886085D528AA24480057C8FB /* Main.storyboard */,
				886085DA28AA24480057C8FB /* LaunchScreen.storyboard */,
			);
			path = Storyboards;
			sourceTree = "<group>";
		};
		882C731D28AFAFD300BA54E1 /* Controller */ = {
			isa = PBXGroup;
			children = (
				882C731E28AFAFFE00BA54E1 /* BoardGameController.swift */,
			);
			path = Controller;
			sourceTree = "<group>";
		};
		882C732028AFB04B00BA54E1 /* Model */ = {
			isa = PBXGroup;
			children = (
				882C732128AFB28700BA54E1 /* Card.swift */,
				882C732328AFB4B800BA54E1 /* Game.swift */,
			);
			path = Model;
			sourceTree = "<group>";
		};
		886085C328AA24480057C8FB = {
			isa = PBXGroup;
			children = (
				886085CE28AA24480057C8FB /* Cards */,
				886085CD28AA24480057C8FB /* Products */,
			);
			sourceTree = "<group>";
		};
		886085CD28AA24480057C8FB /* Products */ = {
			isa = PBXGroup;
			children = (
				886085CC28AA24480057C8FB /* Cards.app */,
			);
			name = Products;
			sourceTree = "<group>";
		};
		886085CE28AA24480057C8FB /* Cards */ = {
			isa = PBXGroup;
			children = (
				886085CF28AA24480057C8FB /* AppDelegate.swift */,
				886085D128AA24480057C8FB /* SceneDelegate.swift */,
				882C731D28AFAFD300BA54E1 /* Controller */,
				882C731728AFACCF00BA54E1 /* View */,
				882C732028AFB04B00BA54E1 /* Model */,
				88871E8C28B1246700CBCA04 /* Helpers */,
				886085D828AA24480057C8FB /* Assets.xcassets */,
				886085DD28AA24480057C8FB /* Info.plist */,
			);
			path = Cards;
			sourceTree = "<group>";
		};
		88871E8C28B1246700CBCA04 /* Helpers */ = {
			isa = PBXGroup;
			children = (
				88871E8D28B1248E00CBCA04 /* CardViewFactory.swift */,
			);
			path = Helpers;
			sourceTree = "<group>";
		};
/* End PBXGroup section */

/* Begin PBXNativeTarget section */
		886085CB28AA24480057C8FB /* Cards */ = {
			isa = PBXNativeTarget;
			buildConfigurationList = 886085E028AA24480057C8FB /* Build configuration list for PBXNativeTarget "Cards" */;
			buildPhases = (
				886085C828AA24480057C8FB /* Sources */,
				886085C928AA24480057C8FB /* Frameworks */,
				886085CA28AA24480057C8FB /* Resources */,
			);
			buildRules = (
			);
			dependencies = (
			);
			name = Cards;
			productName = Cards;
			productReference = 886085CC28AA24480057C8FB /* Cards.app */;
			productType = "com.apple.product-type.application";
		};
/* End PBXNativeTarget section */

/* Begin PBXProject section */
		886085C428AA24480057C8FB /* Project object */ = {
			isa = PBXProject;
			attributes = {
				BuildIndependentTargetsInParallel = 1;
				LastSwiftUpdateCheck = 1340;
				LastUpgradeCheck = 1340;
				TargetAttributes = {
					886085CB28AA24480057C8FB = {
						CreatedOnToolsVersion = 13.4.1;
					};
				};
			};
			buildConfigurationList = 886085C728AA24480057C8FB /* Build configuration list for PBXProject "Cards" */;
			compatibilityVersion = "Xcode 13.0";
			developmentRegion = en;
			hasScannedForEncodings = 0;
			knownRegions = (
				en,
				Base,
			);
			mainGroup = 886085C328AA24480057C8FB;
			productRefGroup = 886085CD28AA24480057C8FB /* Products */;
			projectDirPath = "";
			projectRoot = "";
			targets = (
				886085CB28AA24480057C8FB /* Cards */,
			);
		};
/* End PBXProject section */

/* Begin PBXResourcesBuildPhase section */
		886085CA28AA24480057C8FB /* Resources */ = {
			isa = PBXResourcesBuildPhase;
			buildActionMask = 2147483647;
			files = (
				886085DC28AA24480057C8FB /* LaunchScreen.storyboard in Resources */,
				886085D928AA24480057C8FB /* Assets.xcassets in Resources */,
				886085D728AA24480057C8FB /* Main.storyboard in Resources */,
			);
			runOnlyForDeploymentPostprocessing = 0;
		};
/* End PBXResourcesBuildPhase section */

/* Begin PBXSourcesBuildPhase section */
		886085C828AA24480057C8FB /* Sources */ = {
			isa = PBXSourcesBuildPhase;
			buildActionMask = 2147483647;
			files = (
				882C731F28AFAFFE00BA54E1 /* BoardGameController.swift in Sources */,
				882C732228AFB28700BA54E1 /* Card.swift in Sources */,
				882C732428AFB4B800BA54E1 /* Game.swift in Sources */,
				882C731B28AFAD5D00BA54E1 /* Cards.swift in Sources */,
				886085D028AA24480057C8FB /* AppDelegate.swift in Sources */,
				88871E8E28B1248E00CBCA04 /* CardViewFactory.swift in Sources */,
				886085D228AA24480057C8FB /* SceneDelegate.swift in Sources */,
				882C731928AFAD4300BA54E1 /* Shapes.swift in Sources */,
			);
			runOnlyForDeploymentPostprocessing = 0;
		};
/* End PBXSourcesBuildPhase section */

/* Begin PBXVariantGroup section */
		886085D528AA24480057C8FB /* Main.storyboard */ = {
			isa = PBXVariantGroup;
			children = (
				886085D628AA24480057C8FB /* Base */,
			);
			name = Main.storyboard;
			sourceTree = "<group>";
		};
		886085DA28AA24480057C8FB /* LaunchScreen.storyboard */ = {
			isa = PBXVariantGroup;
			children = (
				886085DB28AA24480057C8FB /* Base */,
			);
			name = LaunchScreen.storyboard;
			sourceTree = "<group>";
		};
/* End PBXVariantGroup section */

/* Begin XCBuildConfiguration section */
		886085DE28AA24480057C8FB /* Debug */ = {
			isa = XCBuildConfiguration;
			buildSettings = {
				ALWAYS_SEARCH_USER_PATHS = NO;
				CLANG_ANALYZER_NONNULL = YES;
				CLANG_ANALYZER_NUMBER_OBJECT_CONVERSION = YES_AGGRESSIVE;
				CLANG_CXX_LANGUAGE_STANDARD = "gnu++17";
				CLANG_ENABLE_MODULES = YES;
				CLANG_ENABLE_OBJC_ARC = YES;
				CLANG_ENABLE_OBJC_WEAK = YES;
				CLANG_WARN_BLOCK_CAPTURE_AUTORELEASING = YES;
				CLANG_WARN_BOOL_CONVERSION = YES;
				CLANG_WARN_COMMA = YES;
				CLANG_WARN_CONSTANT_CONVERSION = YES;
				CLANG_WARN_DEPRECATED_OBJC_IMPLEMENTATIONS = YES;
				CLANG_WARN_DIRECT_OBJC_ISA_USAGE = YES_ERROR;
				CLANG_WARN_DOCUMENTATION_COMMENTS = YES;
				CLANG_WARN_EMPTY_BODY = YES;
				CLANG_WARN_ENUM_CONVERSION = YES;
				CLANG_WARN_INFINITE_RECURSION = YES;
				CLANG_WARN_INT_CONVERSION = YES;
				CLANG_WARN_NON_LITERAL_NULL_CONVERSION = YES;
				CLANG_WARN_OBJC_IMPLICIT_RETAIN_SELF = YES;
				CLANG_WARN_OBJC_LITERAL_CONVERSION = YES;
				CLANG_WARN_OBJC_ROOT_CLASS = YES_ERROR;
				CLANG_WARN_QUOTED_INCLUDE_IN_FRAMEWORK_HEADER = YES;
				CLANG_WARN_RANGE_LOOP_ANALYSIS = YES;
				CLANG_WARN_STRICT_PROTOTYPES = YES;
				CLANG_WARN_SUSPICIOUS_MOVE = YES;
				CLANG_WARN_UNGUARDED_AVAILABILITY = YES_AGGRESSIVE;
				CLANG_WARN_UNREACHABLE_CODE = YES;
				CLANG_WARN__DUPLICATE_METHOD_MATCH = YES;
				COPY_PHASE_STRIP = NO;
				DEBUG_INFORMATION_FORMAT = dwarf;
				ENABLE_STRICT_OBJC_MSGSEND = YES;
				ENABLE_TESTABILITY = YES;
				GCC_C_LANGUAGE_STANDARD = gnu11;
				GCC_DYNAMIC_NO_PIC = NO;
				GCC_NO_COMMON_BLOCKS = YES;
				GCC_OPTIMIZATION_LEVEL = 0;
				GCC_PREPROCESSOR_DEFINITIONS = (
					"DEBUG=1",
					"$(inherited)",
				);
				GCC_WARN_64_TO_32_BIT_CONVERSION = YES;
				GCC_WARN_ABOUT_RETURN_TYPE = YES_ERROR;
				GCC_WARN_UNDECLARED_SELECTOR = YES;
				GCC_WARN_UNINITIALIZED_AUTOS = YES_AGGRESSIVE;
				GCC_WARN_UNUSED_FUNCTION = YES;
				GCC_WARN_UNUSED_VARIABLE = YES;
				IPHONEOS_DEPLOYMENT_TARGET = 15.5;
				MTL_ENABLE_DEBUG_INFO = INCLUDE_SOURCE;
				MTL_FAST_MATH = YES;
				ONLY_ACTIVE_ARCH = YES;
				SDKROOT = iphoneos;
				SWIFT_ACTIVE_COMPILATION_CONDITIONS = DEBUG;
				SWIFT_OPTIMIZATION_LEVEL = "-Onone";
			};
			name = Debug;
		};
		886085DF28AA24480057C8FB /* Release */ = {
			isa = XCBuildConfiguration;
			buildSettings = {
				ALWAYS_SEARCH_USER_PATHS = NO;
				CLANG_ANALYZER_NONNULL = YES;
				CLANG_ANALYZER_NUMBER_OBJECT_CONVERSION = YES_AGGRESSIVE;
				CLANG_CXX_LANGUAGE_STANDARD = "gnu++17";
				CLANG_ENABLE_MODULES = YES;
				CLANG_ENABLE_OBJC_ARC = YES;
				CLANG_ENABLE_OBJC_WEAK = YES;
				CLANG_WARN_BLOCK_CAPTURE_AUTORELEASING = YES;
				CLANG_WARN_BOOL_CONVERSION = YES;
				CLANG_WARN_COMMA = YES;
				CLANG_WARN_CONSTANT_CONVERSION = YES;
				CLANG_WARN_DEPRECATED_OBJC_IMPLEMENTATIONS = YES;
				CLANG_WARN_DIRECT_OBJC_ISA_USAGE = YES_ERROR;
				CLANG_WARN_DOCUMENTATION_COMMENTS = YES;
				CLANG_WARN_EMPTY_BODY = YES;
				CLANG_WARN_ENUM_CONVERSION = YES;
				CLANG_WARN_INFINITE_RECURSION = YES;
				CLANG_WARN_INT_CONVERSION = YES;
				CLANG_WARN_NON_LITERAL_NULL_CONVERSION = YES;
				CLANG_WARN_OBJC_IMPLICIT_RETAIN_SELF = YES;
				CLANG_WARN_OBJC_LITERAL_CONVERSION = YES;
				CLANG_WARN_OBJC_ROOT_CLASS = YES_ERROR;
				CLANG_WARN_QUOTED_INCLUDE_IN_FRAMEWORK_HEADER = YES;
				CLANG_WARN_RANGE_LOOP_ANALYSIS = YES;
				CLANG_WARN_STRICT_PROTOTYPES = YES;
				CLANG_WARN_SUSPICIOUS_MOVE = YES;
				CLANG_WARN_UNGUARDED_AVAILABILITY = YES_AGGRESSIVE;
				CLANG_WARN_UNREACHABLE_CODE = YES;
				CLANG_WARN__DUPLICATE_METHOD_MATCH = YES;
				COPY_PHASE_STRIP = NO;
				DEBUG_INFORMATION_FORMAT = "dwarf-with-dsym";
				ENABLE_NS_ASSERTIONS = NO;
				ENABLE_STRICT_OBJC_MSGSEND = YES;
				GCC_C_LANGUAGE_STANDARD = gnu11;
				GCC_NO_COMMON_BLOCKS = YES;
				GCC_WARN_64_TO_32_BIT_CONVERSION = YES;
				GCC_WARN_ABOUT_RETURN_TYPE = YES_ERROR;
				GCC_WARN_UNDECLARED_SELECTOR = YES;
				GCC_WARN_UNINITIALIZED_AUTOS = YES_AGGRESSIVE;
				GCC_WARN_UNUSED_FUNCTION = YES;
				GCC_WARN_UNUSED_VARIABLE = YES;
				IPHONEOS_DEPLOYMENT_TARGET = 15.5;
				MTL_ENABLE_DEBUG_INFO = NO;
				MTL_FAST_MATH = YES;
				SDKROOT = iphoneos;
				SWIFT_COMPILATION_MODE = wholemodule;
				SWIFT_OPTIMIZATION_LEVEL = "-O";
				VALIDATE_PRODUCT = YES;
			};
			name = Release;
		};
		886085E128AA24480057C8FB /* Debug */ = {
			isa = XCBuildConfiguration;
			buildSettings = {
				ASSETCATALOG_COMPILER_APPICON_NAME = AppIcon;
				ASSETCATALOG_COMPILER_GLOBAL_ACCENT_COLOR_NAME = AccentColor;
				CODE_SIGN_STYLE = Automatic;
				CURRENT_PROJECT_VERSION = 1;
				DEVELOPMENT_TEAM = C89RJ7Z5HJ;
				GENERATE_INFOPLIST_FILE = YES;
				INFOPLIST_FILE = Cards/Info.plist;
				INFOPLIST_KEY_UIApplicationSupportsIndirectInputEvents = YES;
				INFOPLIST_KEY_UILaunchStoryboardName = LaunchScreen;
				INFOPLIST_KEY_UIMainStoryboardFile = Main;
				INFOPLIST_KEY_UISupportedInterfaceOrientations_iPad = "UIInterfaceOrientationPortrait UIInterfaceOrientationPortraitUpsideDown UIInterfaceOrientationLandscapeLeft UIInterfaceOrientationLandscapeRight";
				INFOPLIST_KEY_UISupportedInterfaceOrientations_iPhone = "UIInterfaceOrientationPortrait UIInterfaceOrientationLandscapeLeft UIInterfaceOrientationLandscapeRight";
				LD_RUNPATH_SEARCH_PATHS = (
					"$(inherited)",
					"@executable_path/Frameworks",
				);
				MARKETING_VERSION = 1.0;
				PRODUCT_BUNDLE_IDENTIFIER = com.iosnichek.Cards;
				PRODUCT_NAME = "$(TARGET_NAME)";
				SWIFT_EMIT_LOC_STRINGS = YES;
				SWIFT_VERSION = 5.0;
				TARGETED_DEVICE_FAMILY = "1,2";
			};
			name = Debug;
		};
		886085E228AA24480057C8FB /* Release */ = {
			isa = XCBuildConfiguration;
			buildSettings = {
				ASSETCATALOG_COMPILER_APPICON_NAME = AppIcon;
				ASSETCATALOG_COMPILER_GLOBAL_ACCENT_COLOR_NAME = AccentColor;
				CODE_SIGN_STYLE = Automatic;
				CURRENT_PROJECT_VERSION = 1;
				DEVELOPMENT_TEAM = C89RJ7Z5HJ;
				GENERATE_INFOPLIST_FILE = YES;
				INFOPLIST_FILE = Cards/Info.plist;
				INFOPLIST_KEY_UIApplicationSupportsIndirectInputEvents = YES;
				INFOPLIST_KEY_UILaunchStoryboardName = LaunchScreen;
				INFOPLIST_KEY_UIMainStoryboardFile = Main;
				INFOPLIST_KEY_UISupportedInterfaceOrientations_iPad = "UIInterfaceOrientationPortrait UIInterfaceOrientationPortraitUpsideDown UIInterfaceOrientationLandscapeLeft UIInterfaceOrientationLandscapeRight";
				INFOPLIST_KEY_UISupportedInterfaceOrientations_iPhone = "UIInterfaceOrientationPortrait UIInterfaceOrientationLandscapeLeft UIInterfaceOrientationLandscapeRight";
				LD_RUNPATH_SEARCH_PATHS = (
					"$(inherited)",
					"@executable_path/Frameworks",
				);
				MARKETING_VERSION = 1.0;
				PRODUCT_BUNDLE_IDENTIFIER = com.iosnichek.Cards;
				PRODUCT_NAME = "$(TARGET_NAME)";
				SWIFT_EMIT_LOC_STRINGS = YES;
				SWIFT_VERSION = 5.0;
				TARGETED_DEVICE_FAMILY = "1,2";
			};
			name = Release;
		};
/* End XCBuildConfiguration section */

/* Begin XCConfigurationList section */
		886085C728AA24480057C8FB /* Build configuration list for PBXProject "Cards" */ = {
			isa = XCConfigurationList;
			buildConfigurations = (
				886085DE28AA24480057C8FB /* Debug */,
				886085DF28AA24480057C8FB /* Release */,
			);
			defaultConfigurationIsVisible = 0;
			defaultConfigurationName = Release;
		};
		886085E028AA24480057C8FB /* Build configuration list for PBXNativeTarget "Cards" */ = {
			isa = XCConfigurationList;
			buildConfigurations = (
				886085E128AA24480057C8FB /* Debug */,
				886085E228AA24480057C8FB /* Release */,
			);
			defaultConfigurationIsVisible = 0;
			defaultConfigurationName = Release;
		};
/* End XCConfigurationList section */
	};
	rootObject = 886085C428AA24480057C8FB /* Project object */;
}
